{
  "name": "utools-screen-shot-translation",
  "lockfileVersion": 3,
  "requires": true,
  "packages": {
    "": {
      "name": "utools-screen-shot-translation",
      "devDependencies": {
        "utools-api-types": "^7.5.1"
      }
    },
    "node_modules/@types/node": {
      "version": "25.5.2",
      "resolved": "https://registry.npmmirror.com/@types/node/-/node-25.5.2.tgz",
      "integrity": "sha512-tO4ZIRKNC+MDWV4qKVZe3Ql/woTnmHDr5JD8UI5hn2pwBrHEwOEMZK7WlNb5RKB6EoJ02gwmQS9OrjuFnZYdpg==",
      "dev": true,
      "license": "MIT",
      "dependencies": {
        "undici-types": "~7.18.0"
      }
    },
    "node_modules/@types/sharp": {
      "version": "0.31.1",
      "resolved": "https://registry.npmmirror.com/@types/sharp/-/sharp-0.31.1.tgz",
      "integrity": "sha512-5nWwamN9ZFHXaYEincMSuza8nNfOof8nmO+mcI+Agx1uMUk4/pQnNIcix+9rLPXzKrm1pS34+6WRDbDV0Jn7ag==",
      "dev": true,
      "license": "MIT",
      "dependencies": {
        "@types/node": "*"
      }
    },
    "node_modules/undici-types": {
      "version": "7.18.2",
      "resolved": "https://registry.npmmirror.com/undici-types/-/undici-types-7.18.2.tgz",
      "integrity": "sha512-AsuCzffGHJybSaRrmr5eHr81mwJU3kjw6M+uprWvCXiNeN9SOGwQ3Jn8jb8m3Z6izVgknn1R0FTCEAP2QrLY/w==",
      "dev": true,
      "license": "MIT"
    },
    "node_modules/utools-api-types": {
      "version": "7.5.1",
      "resolved": "https://registry.npmmirror.com/utools-api-types/-/utools-api-types-7.5.1.tgz",
      "integrity": "sha512-R7l7P/+c9g4sDlifxq6wrg+3p7Uc7L5XNOkk+xLGqm2EIk4zL16zwG5taxM3hbb5luK0yOBrqrN1zTzCl+h6rw==",
      "dev": true,
      "license": "MIT",
      "dependencies": {
        "@types/sharp": "^0.31.1"
      }
    }
  }
}
